// !$*UTF8*$!
{
	archiveVersion = 1;
	classes = {
	};
	objectVersion = 46;
	objects = {

/* Begin PBXBuildFile section */
		32084EEB1F17AEBC002116C2 /* MIDIRawDataExt.swift in Sources */ = {isa = PBXBuildFile; fileRef = 32084EEA1F17AEBC002116C2 /* MIDIRawDataExt.swift */; };
		326F389A1A1B1D4A0021A48B /* MidiToolbox.h in Headers */ = {isa = PBXBuildFile; fileRef = 326F38991A1B1D4A0021A48B /* MidiToolbox.h */; settings = {ATTRIBUTES = (Public, ); }; };
		326F38A01A1B1D4A0021A48B /* MidiToolbox.framework in Frameworks */ = {isa = PBXBuildFile; fileRef = 326F38941A1B1D4A0021A48B /* MidiToolbox.framework */; };
		326F38A71A1B1D4A0021A48B /* MidiToolboxTests.swift in Sources */ = {isa = PBXBuildFile; fileRef = 326F38A61A1B1D4A0021A48B /* MidiToolboxTests.swift */; };
		326F38B11A1B1D8D0021A48B /* MTMusicSequence.swift in Sources */ = {isa = PBXBuildFile; fileRef = 326F38B01A1B1D8D0021A48B /* MTMusicSequence.swift */; };
		326F38B31A1B1DAB0021A48B /* MTMusicTrack.swift in Sources */ = {isa = PBXBuildFile; fileRef = 326F38B21A1B1DAB0021A48B /* MTMusicTrack.swift */; };
		326F38B51A1B1DBB0021A48B /* MTMusicPlayer.swift in Sources */ = {isa = PBXBuildFile; fileRef = 326F38B41A1B1DBB0021A48B /* MTMusicPlayer.swift */; };
		326F38B71A1B1DCE0021A48B /* MTMusicEventIterator.swift in Sources */ = {isa = PBXBuildFile; fileRef = 326F38B61A1B1DCE0021A48B /* MTMusicEventIterator.swift */; };
		326F38B91A1B1E2D0021A48B /* AudioToolbox.framework in Frameworks */ = {isa = PBXBuildFile; fileRef = 326F38B81A1B1E2D0021A48B /* AudioToolbox.framework */; };
		326F38BB1A1B1ED10021A48B /* confirm.swift in Sources */ = {isa = PBXBuildFile; fileRef = 326F38BA1A1B1ED10021A48B /* confirm.swift */; };
/* End PBXBuildFile section */

/* Begin PBXContainerItemProxy section */
		326F38A11A1B1D4A0021A48B /* PBXContainerItemProxy */ = {
			isa = PBXContainerItemProxy;
			containerPortal = 326F388B1A1B1D4A0021A48B /* Project object */;
			proxyType = 1;
			remoteGlobalIDString = 326F38931A1B1D4A0021A48B;
			remoteInfo = MidiToolbox;
		};
/* End PBXContainerItemProxy section */

/* Begin PBXFileReference section */
		32084EEA1F17AEBC002116C2 /* MIDIRawDataExt.swift */ = {isa = PBXFileReference; lastKnownFileType = sourcecode.swift; path = MIDIRawDataExt.swift; sourceTree = "<group>"; };
		326F38941A1B1D4A0021A48B /* MidiToolbox.framework */ = {isa = PBXFileReference; explicitFileType = wrapper.framework; includeInIndex = 0; path = MidiToolbox.framework; sourceTree = BUILT_PRODUCTS_DIR; };
		326F38981A1B1D4A0021A48B /* Info.plist */ = {isa = PBXFileReference; lastKnownFileType = text.plist.xml; path = Info.plist; sourceTree = "<group>"; };
		326F38991A1B1D4A0021A48B /* MidiToolbox.h */ = {isa = PBXFileReference; lastKnownFileType = sourcecode.c.h; path = MidiToolbox.h; sourceTree = "<group>"; };
		326F389F1A1B1D4A0021A48B /* MidiToolboxTests.xctest */ = {isa = PBXFileReference; explicitFileType = wrapper.cfbundle; includeInIndex = 0; path = MidiToolboxTests.xctest; sourceTree = BUILT_PRODUCTS_DIR; };
		326F38A51A1B1D4A0021A48B /* Info.plist */ = {isa = PBXFileReference; lastKnownFileType = text.plist.xml; path = Info.plist; sourceTree = "<group>"; };
		326F38A61A1B1D4A0021A48B /* MidiToolboxTests.swift */ = {isa = PBXFileReference; lastKnownFileType = sourcecode.swift; path = MidiToolboxTests.swift; sourceTree = "<group>"; };
		326F38B01A1B1D8D0021A48B /* MTMusicSequence.swift */ = {isa = PBXFileReference; fileEncoding = 4; lastKnownFileType = sourcecode.swift; path = MTMusicSequence.swift; sourceTree = "<group>"; };
		326F38B21A1B1DAB0021A48B /* MTMusicTrack.swift */ = {isa = PBXFileReference; fileEncoding = 4; lastKnownFileType = sourcecode.swift; path = MTMusicTrack.swift; sourceTree = "<group>"; };
		326F38B41A1B1DBB0021A48B /* MTMusicPlayer.swift */ = {isa = PBXFileReference; fileEncoding = 4; lastKnownFileType = sourcecode.swift; path = MTMusicPlayer.swift; sourceTree = "<group>"; };
		326F38B61A1B1DCE0021A48B /* MTMusicEventIterator.swift */ = {isa = PBXFileReference; fileEncoding = 4; lastKnownFileType = sourcecode.swift; path = MTMusicEventIterator.swift; sourceTree = "<group>"; };
		326F38B81A1B1E2D0021A48B /* AudioToolbox.framework */ = {isa = PBXFileReference; lastKnownFileType = wrapper.framework; name = AudioToolbox.framework; path = System/Library/Frameworks/AudioToolbox.framework; sourceTree = SDKROOT; };
		326F38BA1A1B1ED10021A48B /* confirm.swift */ = {isa = PBXFileReference; fileEncoding = 4; lastKnownFileType = sourcecode.swift; path = confirm.swift; sourceTree = "<group>"; };
/* End PBXFileReference section */

/* Begin PBXFrameworksBuildPhase section */
		326F38901A1B1D4A0021A48B /* Frameworks */ = {
			isa = PBXFrameworksBuildPhase;
			buildActionMask = 2147483647;
			files = (
				326F38B91A1B1E2D0021A48B /* AudioToolbox.framework in Frameworks */,
			);
			runOnlyForDeploymentPostprocessing = 0;
		};
		326F389C1A1B1D4A0021A48B /* Frameworks */ = {
			isa = PBXFrameworksBuildPhase;
			buildActionMask = 2147483647;
			files = (
				326F38A01A1B1D4A0021A48B /* MidiToolbox.framework in Frameworks */,
			);
			runOnlyForDeploymentPostprocessing = 0;
		};
/* End PBXFrameworksBuildPhase section */

/* Begin PBXGroup section */
		326F388A1A1B1D4A0021A48B = {
			isa = PBXGroup;
			children = (
				326F38961A1B1D4A0021A48B /* MidiToolbox */,
				326F38A31A1B1D4A0021A48B /* MidiToolboxTests */,
				326F38951A1B1D4A0021A48B /* Products */,
			);
			sourceTree = "<group>";
		};
		326F38951A1B1D4A0021A48B /* Products */ = {
			isa = PBXGroup;
			children = (
				326F38941A1B1D4A0021A48B /* MidiToolbox.framework */,
				326F389F1A1B1D4A0021A48B /* MidiToolboxTests.xctest */,
			);
			name = Products;
			sourceTree = "<group>";
		};
		326F38961A1B1D4A0021A48B /* MidiToolbox */ = {
			isa = PBXGroup;
			children = (
				326F38991A1B1D4A0021A48B /* MidiToolbox.h */,
				326F38B01A1B1D8D0021A48B /* MTMusicSequence.swift */,
				326F38B21A1B1DAB0021A48B /* MTMusicTrack.swift */,
				326F38B41A1B1DBB0021A48B /* MTMusicPlayer.swift */,
				326F38B61A1B1DCE0021A48B /* MTMusicEventIterator.swift */,
				32084EEA1F17AEBC002116C2 /* MIDIRawDataExt.swift */,
				326F38BA1A1B1ED10021A48B /* confirm.swift */,
				326F38971A1B1D4A0021A48B /* Supporting Files */,
				326F38B81A1B1E2D0021A48B /* AudioToolbox.framework */,
			);
			path = MidiToolbox;
			sourceTree = "<group>";
		};
		326F38971A1B1D4A0021A48B /* Supporting Files */ = {
			isa = PBXGroup;
			children = (
				326F38981A1B1D4A0021A48B /* Info.plist */,
			);
			name = "Supporting Files";
			sourceTree = "<group>";
		};
		326F38A31A1B1D4A0021A48B /* MidiToolboxTests */ = {
			isa = PBXGroup;
			children = (
				326F38A61A1B1D4A0021A48B /* MidiToolboxTests.swift */,
				326F38A41A1B1D4A0021A48B /* Supporting Files */,
			);
			path = MidiToolboxTests;
			sourceTree = "<group>";
		};
		326F38A41A1B1D4A0021A48B /* Supporting Files */ = {
			isa = PBXGroup;
			children = (
				326F38A51A1B1D4A0021A48B /* Info.plist */,
			);
			name = "Supporting Files";
			sourceTree = "<group>";
		};
/* End PBXGroup section */

/* Begin PBXHeadersBuildPhase section */
		326F38911A1B1D4A0021A48B /* Headers */ = {
			isa = PBXHeadersBuildPhase;
			buildActionMask = 2147483647;
			files = (
				326F389A1A1B1D4A0021A48B /* MidiToolbox.h in Headers */,
			);
			runOnlyForDeploymentPostprocessing = 0;
		};
/* End PBXHeadersBuildPhase section */

/* Begin PBXNativeTarget section */
		326F38931A1B1D4A0021A48B /* MidiToolbox */ = {
			isa = PBXNativeTarget;
			buildConfigurationList = 326F38AA1A1B1D4A0021A48B /* Build configuration list for PBXNativeTarget "MidiToolbox" */;
			buildPhases = (
				326F388F1A1B1D4A0021A48B /* Sources */,
				326F38901A1B1D4A0021A48B /* Frameworks */,
				326F38911A1B1D4A0021A48B /* Headers */,
				326F38921A1B1D4A0021A48B /* Resources */,
			);
			buildRules = (
			);
			dependencies = (
			);
			name = MidiToolbox;
			productName = MidiToolbox;
			productReference = 326F38941A1B1D4A0021A48B /* MidiToolbox.framework */;
			productType = "com.apple.product-type.framework";
		};
		326F389E1A1B1D4A0021A48B /* MidiToolboxTests */ = {
			isa = PBXNativeTarget;
			buildConfigurationList = 326F38AD1A1B1D4A0021A48B /* Build configuration list for PBXNativeTarget "MidiToolboxTests" */;
			buildPhases = (
				326F389B1A1B1D4A0021A48B /* Sources */,
				326F389C1A1B1D4A0021A48B /* Frameworks */,
				326F389D1A1B1D4A0021A48B /* Resources */,
			);
			buildRules = (
			);
			dependencies = (
				326F38A21A1B1D4A0021A48B /* PBXTargetDependency */,
			);
			name = MidiToolboxTests;
			productName = MidiToolboxTests;
			productReference = 326F389F1A1B1D4A0021A48B /* MidiToolboxTests.xctest */;
			productType = "com.apple.product-type.bundle.unit-test";
		};
/* End PBXNativeTarget section */

/* Begin PBXProject section */
		326F388B1A1B1D4A0021A48B /* Project object */ = {
			isa = PBXProject;
			attributes = {
				LastSwiftUpdateCheck = 0730;
				LastUpgradeCheck = 0730;
				ORGANIZATIONNAME = "Thom Jordan";
				TargetAttributes = {
					326F38931A1B1D4A0021A48B = {
						CreatedOnToolsVersion = 6.1;
						LastSwiftMigration = 0900;
					};
					326F389E1A1B1D4A0021A48B = {
						CreatedOnToolsVersion = 6.1;
						LastSwiftMigration = 0820;
					};
				};
			};
			buildConfigurationList = 326F388E1A1B1D4A0021A48B /* Build configuration list for PBXProject "MidiToolbox" */;
			compatibilityVersion = "Xcode 3.2";
			developmentRegion = English;
			hasScannedForEncodings = 0;
			knownRegions = (
				en,
			);
			mainGroup = 326F388A1A1B1D4A0021A48B;
			productRefGroup = 326F38951A1B1D4A0021A48B /* Products */;
			projectDirPath = "";
			projectRoot = "";
			targets = (
				326F38931A1B1D4A0021A48B /* MidiToolbox */,
				326F389E1A1B1D4A0021A48B /* MidiToolboxTests */,
			);
		};
/* End PBXProject section */

/* Begin PBXResourcesBuildPhase section */
		326F38921A1B1D4A0021A48B /* Resources */ = {
			isa = PBXResourcesBuildPhase;
			buildActionMask = 2147483647;
			files = (
			);
			runOnlyForDeploymentPostprocessing = 0;
		};
		326F389D1A1B1D4A0021A48B /* Resources */ = {
			isa = PBXResourcesBuildPhase;
			buildActionMask = 2147483647;
			files = (
			);
			runOnlyForDeploymentPostprocessing = 0;
		};
/* End PBXResourcesBuildPhase section */

/* Begin PBXSourcesBuildPhase section */
		326F388F1A1B1D4A0021A48B /* Sources */ = {
			isa = PBXSourcesBuildPhase;
			buildActionMask = 2147483647;
			files = (
				326F38B31A1B1DAB0021A48B /* MTMusicTrack.swift in Sources */,
				326F38B51A1B1DBB0021A48B /* MTMusicPlayer.swift in Sources */,
				326F38B11A1B1D8D0021A48B /* MTMusicSequence.swift in Sources */,
				32084EEB1F17AEBC002116C2 /* MIDIRawDataExt.swift in Sources */,
				326F38B71A1B1DCE0021A48B /* MTMusicEventIterator.swift in Sources */,
				326F38BB1A1B1ED10021A48B /* confirm.swift in Sources */,
			);
			runOnlyForDeploymentPostprocessing = 0;
		};
		326F389B1A1B1D4A0021A48B /* Sources */ = {
			isa = PBXSourcesBuildPhase;
			buildActionMask = 2147483647;
			files = (
				326F38A71A1B1D4A0021A48B /* MidiToolboxTests.swift in Sources */,
			);
			runOnlyForDeploymentPostprocessing = 0;
		};
/* End PBXSourcesBuildPhase section */

/* Begin PBXTargetDependency section */
		326F38A21A1B1D4A0021A48B /* PBXTargetDependency */ = {
			isa = PBXTargetDependency;
			target = 326F38931A1B1D4A0021A48B /* MidiToolbox */;
			targetProxy = 326F38A11A1B1D4A0021A48B /* PBXContainerItemProxy */;
		};
/* End PBXTargetDependency section */

/* Begin XCBuildConfiguration section */
		326F38A81A1B1D4A0021A48B /* Debug */ = {
			isa = XCBuildConfiguration;
			buildSettings = {
				ALWAYS_SEARCH_USER_PATHS = NO;
				CLANG_CXX_LANGUAGE_STANDARD = "gnu++0x";
				CLANG_CXX_LIBRARY = "libc++";
				CLANG_ENABLE_MODULES = YES;
				CLANG_ENABLE_OBJC_ARC = YES;
				CLANG_WARN_BOOL_CONVERSION = YES;
				CLANG_WARN_CONSTANT_CONVERSION = YES;
				CLANG_WARN_DIRECT_OBJC_ISA_USAGE = YES_ERROR;
				CLANG_WARN_EMPTY_BODY = YES;
				CLANG_WARN_ENUM_CONVERSION = YES;
				CLANG_WARN_INT_CONVERSION = YES;
				CLANG_WARN_OBJC_ROOT_CLASS = YES_ERROR;
				CLANG_WARN_UNREACHABLE_CODE = YES;
				CLANG_WARN__DUPLICATE_METHOD_MATCH = YES;
				COPY_PHASE_STRIP = NO;
				CURRENT_PROJECT_VERSION = 1;
				ENABLE_STRICT_OBJC_MSGSEND = YES;
				ENABLE_TESTABILITY = YES;
				GCC_C_LANGUAGE_STANDARD = gnu99;
				GCC_DYNAMIC_NO_PIC = NO;
				GCC_OPTIMIZATION_LEVEL = 0;
				GCC_PREPROCESSOR_DEFINITIONS = (
					"DEBUG=1",
					"$(inherited)",
				);
				GCC_SYMBOLS_PRIVATE_EXTERN = NO;
				GCC_WARN_64_TO_32_BIT_CONVERSION = YES;
				GCC_WARN_ABOUT_RETURN_TYPE = YES_ERROR;
				GCC_WARN_UNDECLARED_SELECTOR = YES;
				GCC_WARN_UNINITIALIZED_AUTOS = YES_AGGRESSIVE;
				GCC_WARN_UNUSED_FUNCTION = YES;
				GCC_WARN_UNUSED_VARIABLE = YES;
				MACOSX_DEPLOYMENT_TARGET = 10.9;
				MTL_ENABLE_DEBUG_INFO = YES;
				ONLY_ACTIVE_ARCH = YES;
				SDKROOT = macosx;
				SWIFT_OPTIMIZATION_LEVEL = "-Onone";
				VERSIONING_SYSTEM = "apple-generic";
				VERSION_INFO_PREFIX = "";
			};
			name = Debug;
		};
		326F38A91A1B1D4A0021A48B /* Release */ = {
			isa = XCBuildConfiguration;
			buildSettings = {
				ALWAYS_SEARCH_USER_PATHS = NO;
				CLANG_CXX_LANGUAGE_STANDARD = "gnu++0x";
				CLANG_CXX_LIBRARY = "libc++";
				CLANG_ENABLE_MODULES = YES;
				CLANG_ENABLE_OBJC_ARC = YES;
				CLANG_WARN_BOOL_CONVERSION = YES;
				CLANG_WARN_CONSTANT_CONVERSION = YES;
				CLANG_WARN_DIRECT_OBJC_ISA_USAGE = YES_ERROR;
				CLANG_WARN_EMPTY_BODY = YES;
				CLANG_WARN_ENUM_CONVERSION = YES;
				CLANG_WARN_INT_CONVERSION = YES;
				CLANG_WARN_OBJC_ROOT_CLASS = YES_ERROR;
				CLANG_WARN_UNREACHABLE_CODE = YES;
				CLANG_WARN__DUPLICATE_METHOD_MATCH = YES;
				COPY_PHASE_STRIP = YES;
				CURRENT_PROJECT_VERSION = 1;
				DEBUG_INFORMATION_FORMAT = "dwarf-with-dsym";
				ENABLE_NS_ASSERTIONS = NO;
				ENABLE_STRICT_OBJC_MSGSEND = YES;
				GCC_C_LANGUAGE_STANDARD = gnu99;
				GCC_WARN_64_TO_32_BIT_CONVERSION = YES;
				GCC_WARN_ABOUT_RETURN_TYPE = YES_ERROR;
				GCC_WARN_UNDECLARED_SELECTOR = YES;
				GCC_WARN_UNINITIALIZED_AUTOS = YES_AGGRESSIVE;
				GCC_WARN_UNUSED_FUNCTION = YES;
				GCC_WARN_UNUSED_VARIABLE = YES;
				MACOSX_DEPLOYMENT_TARGET = 10.9;
				MTL_ENABLE_DEBUG_INFO = NO;
				SDKROOT = macosx;
				VERSIONING_SYSTEM = "apple-generic";
				VERSION_INFO_PREFIX = "";
			};
			name = Release;
		};
		326F38AB1A1B1D4A0021A48B /* Debug */ = {
			isa = XCBuildConfiguration;
			buildSettings = {
				CLANG_ENABLE_MODULES = YES;
				COMBINE_HIDPI_IMAGES = YES;
				DEFINES_MODULE = YES;
				DYLIB_COMPATIBILITY_VERSION = 1;
				DYLIB_CURRENT_VERSION = 1;
				DYLIB_INSTALL_NAME_BASE = "@rpath";
				FRAMEWORK_VERSION = A;
				INFOPLIST_FILE = MidiToolbox/Info.plist;
				INSTALL_PATH = "$(LOCAL_LIBRARY_DIR)/Frameworks";
				LD_RUNPATH_SEARCH_PATHS = "$(inherited) @executable_path/../Frameworks @loader_path/Frameworks";
				PRODUCT_BUNDLE_IDENTIFIER = "ratio.exemplar.$(PRODUCT_NAME:rfc1034identifier)";
				PRODUCT_NAME = "$(TARGET_NAME)";
				SKIP_INSTALL = YES;
				SWIFT_OPTIMIZATION_LEVEL = "-Onone";
				SWIFT_SWIFT3_OBJC_INFERENCE = On;
				SWIFT_VERSION = 4.0;
			};
			name = Debug;
		};
		326F38AC1A1B1D4A0021A48B /* Release */ = {
			isa = XCBuildConfiguration;
			buildSettings = {
				CLANG_ENABLE_MODULES = YES;
				COMBINE_HIDPI_IMAGES = YES;
				DEFINES_MODULE = YES;
				DYLIB_COMPATIBILITY_VERSION = 1;
				DYLIB_CURRENT_VERSION = 1;
				DYLIB_INSTALL_NAME_BASE = "@rpath";
				FRAMEWORK_VERSION = A;
				INFOPLIST_FILE = MidiToolbox/Info.plist;
				INSTALL_PATH = "$(LOCAL_LIBRARY_DIR)/Frameworks";
				LD_RUNPATH_SEARCH_PATHS = "$(inherited) @executable_path/../Frameworks @loader_path/Frameworks";
				PRODUCT_BUNDLE_IDENTIFIER = "ratio.exemplar.$(PRODUCT_NAME:rfc1034identifier)";
				PRODUCT_NAME = "$(TARGET_NAME)";
				SKIP_INSTALL = YES;
				SWIFT_SWIFT3_OBJC_INFERENCE = On;
				SWIFT_VERSION = 4.0;
			};
			name = Release;
		};
		326F38AE1A1B1D4A0021A48B /* Debug */ = {
			isa = XCBuildConfiguration;
			buildSettings = {
				COMBINE_HIDPI_IMAGES = YES;
				FRAMEWORK_SEARCH_PATHS = (
					"$(DEVELOPER_FRAMEWORKS_DIR)",
					"$(inherited)",
				);
				GCC_PREPROCESSOR_DEFINITIONS = (
					"DEBUG=1",
					"$(inherited)",
				);
				INFOPLIST_FILE = MidiToolboxTests/Info.plist;
				LD_RUNPATH_SEARCH_PATHS = "$(inherited) @executable_path/../Frameworks @loader_path/../Frameworks";
				PRODUCT_BUNDLE_IDENTIFIER = "ratio.exemplar.$(PRODUCT_NAME:rfc1034identifier)";
				PRODUCT_NAME = "$(TARGET_NAME)";
				SWIFT_VERSION = 3.0;
			};
			name = Debug;
		};
		326F38AF1A1B1D4A0021A48B /* Release */ = {
			isa = XCBuildConfiguration;
			buildSettings = {
				COMBINE_HIDPI_IMAGES = YES;
				FRAMEWORK_SEARCH_PATHS = (
					"$(DEVELOPER_FRAMEWORKS_DIR)",
					"$(inherited)",
				);
				INFOPLIST_FILE = MidiToolboxTests/Info.plist;
				LD_RUNPATH_SEARCH_PATHS = "$(inherited) @executable_path/../Frameworks @loader_path/../Frameworks";
				PRODUCT_BUNDLE_IDENTIFIER = "ratio.exemplar.$(PRODUCT_NAME:rfc1034identifier)";
				PRODUCT_NAME = "$(TARGET_NAME)";
				SWIFT_VERSION = 3.0;
			};
			name = Release;
		};
/* End XCBuildConfiguration section */

/* Begin XCConfigurationList section */
		326F388E1A1B1D4A0021A48B /* Build configuration list for PBXProject "MidiToolbox" */ = {
			isa = XCConfigurationList;
			buildConfigurations = (
				326F38A81A1B1D4A0021A48B /* Debug */,
				326F38A91A1B1D4A0021A48B /* Release */,
			);
			defaultConfigurationIsVisible = 0;
			defaultConfigurationName = Release;
		};
		326F38AA1A1B1D4A0021A48B /* Build configuration list for PBXNativeTarget "MidiToolbox" */ = {
			isa = XCConfigurationList;
			buildConfigurations = (
				326F38AB1A1B1D4A0021A48B /* Debug */,
				326F38AC1A1B1D4A0021A48B /* Release */,
			);
			defaultConfigurationIsVisible = 0;
			defaultConfigurationName = Release;
		};
		326F38AD1A1B1D4A0021A48B /* Build configuration list for PBXNativeTarget "MidiToolboxTests" */ = {
			isa = XCConfigurationList;
			buildConfigurations = (
				326F38AE1A1B1D4A0021A48B /* Debug */,
				326F38AF1A1B1D4A0021A48B /* Release */,
			);
			defaultConfigurationIsVisible = 0;
			defaultConfigurationName = Release;
		};
/* End XCConfigurationList section */
	};
	rootObject = 326F388B1A1B1D4A0021A48B /* Project object */;
}
